// !$*UTF8*$!
{
	archiveVersion = 1;
	classes = {
	};
	objectVersion = 56;
	objects = {

/* Begin PBXBuildFile section */
		ED2600712BB58AAB0098D495 /* AppDelegate.swift in Sources */ = {isa = PBXBuildFile; fileRef = ED2600702BB58AAB0098D495 /* AppDelegate.swift */; };
		ED2600732BB58AAB0098D495 /* SceneDelegate.swift in Sources */ = {isa = PBXBuildFile; fileRef = ED2600722BB58AAB0098D495 /* SceneDelegate.swift */; };
		ED2600752BB58AAB0098D495 /* ServicesViewController.swift in Sources */ = {isa = PBXBuildFile; fileRef = ED2600742BB58AAB0098D495 /* ServicesViewController.swift */; };
		ED26007A2BB58AAF0098D495 /* Assets.xcassets in Resources */ = {isa = PBXBuildFile; fileRef = ED2600792BB58AAF0098D495 /* Assets.xcassets */; };
		ED26007D2BB58AAF0098D495 /* LaunchScreen.storyboard in Resources */ = {isa = PBXBuildFile; fileRef = ED26007B2BB58AAF0098D495 /* LaunchScreen.storyboard */; };
		ED26008A2BB58D810098D495 /* NetworkManager.swift in Sources */ = {isa = PBXBuildFile; fileRef = ED2600892BB58D810098D495 /* NetworkManager.swift */; };
		ED26008D2BB58DD00098D495 /* Model.swift in Sources */ = {isa = PBXBuildFile; fileRef = ED26008C2BB58DD00098D495 /* Model.swift */; };
		ED2600922BB5C3B70098D495 /* ServicesCell.swift in Sources */ = {isa = PBXBuildFile; fileRef = ED2600912BB5C3B70098D495 /* ServicesCell.swift */; };
		ED2600982BB6EE2E0098D495 /* NetworkImage.swift in Sources */ = {isa = PBXBuildFile; fileRef = ED2600972BB6EE2E0098D495 /* NetworkImage.swift */; };
/* End PBXBuildFile section */

/* Begin PBXFileReference section */
		ED26006D2BB58AAB0098D495 /* Services.app */ = {isa = PBXFileReference; explicitFileType = wrapper.application; includeInIndex = 0; path = Services.app; sourceTree = BUILT_PRODUCTS_DIR; };
		ED2600702BB58AAB0098D495 /* AppDelegate.swift */ = {isa = PBXFileReference; lastKnownFileType = sourcecode.swift; path = AppDelegate.swift; sourceTree = "<group>"; };
		ED2600722BB58AAB0098D495 /* SceneDelegate.swift */ = {isa = PBXFileReference; lastKnownFileType = sourcecode.swift; path = SceneDelegate.swift; sourceTree = "<group>"; };
		ED2600742BB58AAB0098D495 /* ServicesViewController.swift */ = {isa = PBXFileReference; lastKnownFileType = sourcecode.swift; path = ServicesViewController.swift; sourceTree = "<group>"; };
		ED2600792BB58AAF0098D495 /* Assets.xcassets */ = {isa = PBXFileReference; lastKnownFileType = folder.assetcatalog; path = Assets.xcassets; sourceTree = "<group>"; };
		ED26007C2BB58AAF0098D495 /* Base */ = {isa = PBXFileReference; lastKnownFileType = file.storyboard; name = Base; path = Base.lproj/LaunchScreen.storyboard; sourceTree = "<group>"; };
		ED26007E2BB58AAF0098D495 /* Info.plist */ = {isa = PBXFileReference; lastKnownFileType = text.plist.xml; path = Info.plist; sourceTree = "<group>"; };
		ED2600892BB58D810098D495 /* NetworkManager.swift */ = {isa = PBXFileReference; lastKnownFileType = sourcecode.swift; path = NetworkManager.swift; sourceTree = "<group>"; };
		ED26008C2BB58DD00098D495 /* Model.swift */ = {isa = PBXFileReference; lastKnownFileType = sourcecode.swift; path = Model.swift; sourceTree = "<group>"; };
		ED2600912BB5C3B70098D495 /* ServicesCell.swift */ = {isa = PBXFileReference; lastKnownFileType = sourcecode.swift; path = ServicesCell.swift; sourceTree = "<group>"; };
		ED2600972BB6EE2E0098D495 /* NetworkImage.swift */ = {isa = PBXFileReference; lastKnownFileType = sourcecode.swift; path = NetworkImage.swift; sourceTree = "<group>"; };
/* End PBXFileReference section */

/* Begin PBXFrameworksBuildPhase section */
		ED26006A2BB58AAB0098D495 /* Frameworks */ = {
			isa = PBXFrameworksBuildPhase;
			buildActionMask = 2147483647;
			files = (
			);
			runOnlyForDeploymentPostprocessing = 0;
		};
/* End PBXFrameworksBuildPhase section */

/* Begin PBXGroup section */
		ED2600642BB58AAB0098D495 = {
			isa = PBXGroup;
			children = (
				ED26006F2BB58AAB0098D495 /* Services */,
				ED26006E2BB58AAB0098D495 /* Products */,
			);
			sourceTree = "<group>";
		};
		ED26006E2BB58AAB0098D495 /* Products */ = {
			isa = PBXGroup;
			children = (
				ED26006D2BB58AAB0098D495 /* Services.app */,
			);
			name = Products;
			sourceTree = "<group>";
		};
		ED26006F2BB58AAB0098D495 /* Services */ = {
			isa = PBXGroup;
			children = (
				ED2600842BB58CD20098D495 /* Applications */,
				ED2600872BB58D3D0098D495 /* ViewControllers */,
				ED26008B2BB58DB00098D495 /* Models */,
				ED2600882BB58D560098D495 /* Managers */,
				ED2600862BB58D2D0098D495 /* Resourses */,
				ED2600852BB58D140098D495 /* LaunchScreen */,
			);
			path = Services;
			sourceTree = "<group>";
		};
		ED2600842BB58CD20098D495 /* Applications */ = {
			isa = PBXGroup;
			children = (
				ED2600702BB58AAB0098D495 /* AppDelegate.swift */,
				ED2600722BB58AAB0098D495 /* SceneDelegate.swift */,
				ED26007E2BB58AAF0098D495 /* Info.plist */,
			);
			path = Applications;
			sourceTree = "<group>";
		};
		ED2600852BB58D140098D495 /* LaunchScreen */ = {
			isa = PBXGroup;
			children = (
				ED26007B2BB58AAF0098D495 /* LaunchScreen.storyboard */,
			);
			path = LaunchScreen;
			sourceTree = "<group>";
		};
		ED2600862BB58D2D0098D495 /* Resourses */ = {
			isa = PBXGroup;
			children = (
				ED2600792BB58AAF0098D495 /* Assets.xcassets */,
			);
			path = Resourses;
			sourceTree = "<group>";
		};
		ED2600872BB58D3D0098D495 /* ViewControllers */ = {
			isa = PBXGroup;
			children = (
				ED2600742BB58AAB0098D495 /* ServicesViewController.swift */,
				ED26008E2BB5C3430098D495 /* ServicesCell */,
			);
			path = ViewControllers;
			sourceTree = "<group>";
		};
		ED2600882BB58D560098D495 /* Managers */ = {
			isa = PBXGroup;
			children = (
				ED2600892BB58D810098D495 /* NetworkManager.swift */,
				ED2600972BB6EE2E0098D495 /* NetworkImage.swift */,
			);
			path = Managers;
			sourceTree = "<group>";
		};
		ED26008B2BB58DB00098D495 /* Models */ = {
			isa = PBXGroup;
			children = (
				ED26008C2BB58DD00098D495 /* Model.swift */,
			);
			path = Models;
			sourceTree = "<group>";
		};
		ED26008E2BB5C3430098D495 /* ServicesCell */ = {
			isa = PBXGroup;
			children = (
				ED2600912BB5C3B70098D495 /* ServicesCell.swift */,
			);
			path = ServicesCell;
			sourceTree = "<group>";
		};
/* End PBXGroup section */

/* Begin PBXNativeTarget section */
		ED26006C2BB58AAB0098D495 /* Services */ = {
			isa = PBXNativeTarget;
			buildConfigurationList = ED2600812BB58AAF0098D495 /* Build configuration list for PBXNativeTarget "Services" */;
			buildPhases = (
				ED2600692BB58AAB0098D495 /* Sources */,
				ED26006A2BB58AAB0098D495 /* Frameworks */,
				ED26006B2BB58AAB0098D495 /* Resources */,
			);
			buildRules = (
			);
			dependencies = (
			);
			name = Services;
			productName = Services;
			productReference = ED26006D2BB58AAB0098D495 /* Services.app */;
			productType = "com.apple.product-type.application";
		};
/* End PBXNativeTarget section */

/* Begin PBXProject section */
		ED2600652BB58AAB0098D495 /* Project object */ = {
			isa = PBXProject;
			attributes = {
				BuildIndependentTargetsInParallel = 1;
				LastSwiftUpdateCheck = 1430;
				LastUpgradeCheck = 1430;
				TargetAttributes = {
					ED26006C2BB58AAB0098D495 = {
						CreatedOnToolsVersion = 14.3;
					};
				};
			};
			buildConfigurationList = ED2600682BB58AAB0098D495 /* Build configuration list for PBXProject "Services" */;
			compatibilityVersion = "Xcode 14.0";
			developmentRegion = en;
			hasScannedForEncodings = 0;
			knownRegions = (
				en,
				Base,
			);
			mainGroup = ED2600642BB58AAB0098D495;
			productRefGroup = ED26006E2BB58AAB0098D495 /* Products */;
			projectDirPath = "";
			projectRoot = "";
			targets = (
				ED26006C2BB58AAB0098D495 /* Services */,
			);
		};
/* End PBXProject section */

/* Begin PBXResourcesBuildPhase section */
		ED26006B2BB58AAB0098D495 /* Resources */ = {
			isa = PBXResourcesBuildPhase;
			buildActionMask = 2147483647;
			files = (
				ED26007D2BB58AAF0098D495 /* LaunchScreen.storyboard in Resources */,
				ED26007A2BB58AAF0098D495 /* Assets.xcassets in Resources */,
			);
			runOnlyForDeploymentPostprocessing = 0;
		};
/* End PBXResourcesBuildPhase section */

/* Begin PBXSourcesBuildPhase section */
		ED2600692BB58AAB0098D495 /* Sources */ = {
			isa = PBXSourcesBuildPhase;
			buildActionMask = 2147483647;
			files = (
				ED26008D2BB58DD00098D495 /* Model.swift in Sources */,
				ED26008A2BB58D810098D495 /* NetworkManager.swift in Sources */,
				ED2600752BB58AAB0098D495 /* ServicesViewController.swift in Sources */,
				ED2600712BB58AAB0098D495 /* AppDelegate.swift in Sources */,
				ED2600732BB58AAB0098D495 /* SceneDelegate.swift in Sources */,
				ED2600982BB6EE2E0098D495 /* NetworkImage.swift in Sources */,
				ED2600922BB5C3B70098D495 /* ServicesCell.swift in Sources */,
			);
			runOnlyForDeploymentPostprocessing = 0;
		};
/* End PBXSourcesBuildPhase section */

/* Begin PBXVariantGroup section */
		ED26007B2BB58AAF0098D495 /* LaunchScreen.storyboard */ = {
			isa = PBXVariantGroup;
			children = (
				ED26007C2BB58AAF0098D495 /* Base */,
			);
			name = LaunchScreen.storyboard;
			sourceTree = "<group>";
		};
/* End PBXVariantGroup section */

/* Begin XCBuildConfiguration section */
		ED26007F2BB58AAF0098D495 /* Debug */ = {
			isa = XCBuildConfiguration;
			buildSettings = {
				ALWAYS_SEARCH_USER_PATHS = NO;
				CLANG_ANALYZER_NONNULL = YES;
				CLANG_ANALYZER_NUMBER_OBJECT_CONVERSION = YES_AGGRESSIVE;
				CLANG_CXX_LANGUAGE_STANDARD = "gnu++20";
				CLANG_ENABLE_MODULES = YES;
				CLANG_ENABLE_OBJC_ARC = YES;
				CLANG_ENABLE_OBJC_WEAK = YES;
				CLANG_WARN_BLOCK_CAPTURE_AUTORELEASING = YES;
				CLANG_WARN_BOOL_CONVERSION = YES;
				CLANG_WARN_COMMA = YES;
				CLANG_WARN_CONSTANT_CONVERSION = YES;
				CLANG_WARN_DEPRECATED_OBJC_IMPLEMENTATIONS = YES;
				CLANG_WARN_DIRECT_OBJC_ISA_USAGE = YES_ERROR;
				CLANG_WARN_DOCUMENTATION_COMMENTS = YES;
				CLANG_WARN_EMPTY_BODY = YES;
				CLANG_WARN_ENUM_CONVERSION = YES;
				CLANG_WARN_INFINITE_RECURSION = YES;
				CLANG_WARN_INT_CONVERSION = YES;
				CLANG_WARN_NON_LITERAL_NULL_CONVERSION = YES;
				CLANG_WARN_OBJC_IMPLICIT_RETAIN_SELF = YES;
				CLANG_WARN_OBJC_LITERAL_CONVERSION = YES;
				CLANG_WARN_OBJC_ROOT_CLASS = YES_ERROR;
				CLANG_WARN_QUOTED_INCLUDE_IN_FRAMEWORK_HEADER = YES;
				CLANG_WARN_RANGE_LOOP_ANALYSIS = YES;
				CLANG_WARN_STRICT_PROTOTYPES = YES;
				CLANG_WARN_SUSPICIOUS_MOVE = YES;
				CLANG_WARN_UNGUARDED_AVAILABILITY = YES_AGGRESSIVE;
				CLANG_WARN_UNREACHABLE_CODE = YES;
				CLANG_WARN__DUPLICATE_METHOD_MATCH = YES;
				COPY_PHASE_STRIP = NO;
				DEBUG_INFORMATION_FORMAT = dwarf;
				ENABLE_STRICT_OBJC_MSGSEND = YES;
				ENABLE_TESTABILITY = YES;
				GCC_C_LANGUAGE_STANDARD = gnu11;
				GCC_DYNAMIC_NO_PIC = NO;
				GCC_NO_COMMON_BLOCKS = YES;
				GCC_OPTIMIZATION_LEVEL = 0;
				GCC_PREPROCESSOR_DEFINITIONS = (
					"DEBUG=1",
					"$(inherited)",
				);
				GCC_WARN_64_TO_32_BIT_CONVERSION = YES;
				GCC_WARN_ABOUT_RETURN_TYPE = YES_ERROR;
				GCC_WARN_UNDECLARED_SELECTOR = YES;
				GCC_WARN_UNINITIALIZED_AUTOS = YES_AGGRESSIVE;
				GCC_WARN_UNUSED_FUNCTION = YES;
				GCC_WARN_UNUSED_VARIABLE = YES;
				IPHONEOS_DEPLOYMENT_TARGET = 16.4;
				MTL_ENABLE_DEBUG_INFO = INCLUDE_SOURCE;
				MTL_FAST_MATH = YES;
				ONLY_ACTIVE_ARCH = YES;
				SDKROOT = iphoneos;
				SWIFT_ACTIVE_COMPILATION_CONDITIONS = DEBUG;
				SWIFT_OPTIMIZATION_LEVEL = "-Onone";
			};
			name = Debug;
		};
		ED2600802BB58AAF0098D495 /* Release */ = {
			isa = XCBuildConfiguration;
			buildSettings = {
				ALWAYS_SEARCH_USER_PATHS = NO;
				CLANG_ANALYZER_NONNULL = YES;
				CLANG_ANALYZER_NUMBER_OBJECT_CONVERSION = YES_AGGRESSIVE;
				CLANG_CXX_LANGUAGE_STANDARD = "gnu++20";
				CLANG_ENABLE_MODULES = YES;
				CLANG_ENABLE_OBJC_ARC = YES;
				CLANG_ENABLE_OBJC_WEAK = YES;
				CLANG_WARN_BLOCK_CAPTURE_AUTORELEASING = YES;
				CLANG_WARN_BOOL_CONVERSION = YES;
				CLANG_WARN_COMMA = YES;
				CLANG_WARN_CONSTANT_CONVERSION = YES;
				CLANG_WARN_DEPRECATED_OBJC_IMPLEMENTATIONS = YES;
				CLANG_WARN_DIRECT_OBJC_ISA_USAGE = YES_ERROR;
				CLANG_WARN_DOCUMENTATION_COMMENTS = YES;
				CLANG_WARN_EMPTY_BODY = YES;
				CLANG_WARN_ENUM_CONVERSION = YES;
				CLANG_WARN_INFINITE_RECURSION = YES;
				CLANG_WARN_INT_CONVERSION = YES;
				CLANG_WARN_NON_LITERAL_NULL_CONVERSION = YES;
				CLANG_WARN_OBJC_IMPLICIT_RETAIN_SELF = YES;
				CLANG_WARN_OBJC_LITERAL_CONVERSION = YES;
				CLANG_WARN_OBJC_ROOT_CLASS = YES_ERROR;
				CLANG_WARN_QUOTED_INCLUDE_IN_FRAMEWORK_HEADER = YES;
				CLANG_WARN_RANGE_LOOP_ANALYSIS = YES;
				CLANG_WARN_STRICT_PROTOTYPES = YES;
				CLANG_WARN_SUSPICIOUS_MOVE = YES;
				CLANG_WARN_UNGUARDED_AVAILABILITY = YES_AGGRESSIVE;
				CLANG_WARN_UNREACHABLE_CODE = YES;
				CLANG_WARN__DUPLICATE_METHOD_MATCH = YES;
				COPY_PHASE_STRIP = NO;
				DEBUG_INFORMATION_FORMAT = "dwarf-with-dsym";
				ENABLE_NS_ASSERTIONS = NO;
				ENABLE_STRICT_OBJC_MSGSEND = YES;
				GCC_C_LANGUAGE_STANDARD = gnu11;
				GCC_NO_COMMON_BLOCKS = YES;
				GCC_WARN_64_TO_32_BIT_CONVERSION = YES;
				GCC_WARN_ABOUT_RETURN_TYPE = YES_ERROR;
				GCC_WARN_UNDECLARED_SELECTOR = YES;
				GCC_WARN_UNINITIALIZED_AUTOS = YES_AGGRESSIVE;
				GCC_WARN_UNUSED_FUNCTION = YES;
				GCC_WARN_UNUSED_VARIABLE = YES;
				IPHONEOS_DEPLOYMENT_TARGET = 16.4;
				MTL_ENABLE_DEBUG_INFO = NO;
				MTL_FAST_MATH = YES;
				SDKROOT = iphoneos;
				SWIFT_COMPILATION_MODE = wholemodule;
				SWIFT_OPTIMIZATION_LEVEL = "-O";
				VALIDATE_PRODUCT = YES;
			};
			name = Release;
		};
		ED2600822BB58AAF0098D495 /* Debug */ = {
			isa = XCBuildConfiguration;
			buildSettings = {
				ASSETCATALOG_COMPILER_APPICON_NAME = AppIcon;
				ASSETCATALOG_COMPILER_GLOBAL_ACCENT_COLOR_NAME = AccentColor;
				CODE_SIGN_STYLE = Automatic;
				CURRENT_PROJECT_VERSION = 1;
				DEVELOPMENT_TEAM = B4D33S9Y62;
				GENERATE_INFOPLIST_FILE = YES;
				INFOPLIST_FILE = Services/Applications/Info.plist;
				INFOPLIST_KEY_UIApplicationSupportsIndirectInputEvents = YES;
				INFOPLIST_KEY_UILaunchStoryboardName = LaunchScreen;
				INFOPLIST_KEY_UISupportedInterfaceOrientations = UIInterfaceOrientationPortrait;
				INFOPLIST_KEY_UISupportedInterfaceOrientations_iPad = "UIInterfaceOrientationLandscapeLeft UIInterfaceOrientationLandscapeRight UIInterfaceOrientationPortrait UIInterfaceOrientationPortraitUpsideDown";
				IPHONEOS_DEPLOYMENT_TARGET = 16.0;
				LD_RUNPATH_SEARCH_PATHS = (
					"$(inherited)",
					"@executable_path/Frameworks",
				);
				MARKETING_VERSION = 1.0;
				PRODUCT_BUNDLE_IDENTIFIER = openYourMind.Services;
				PRODUCT_NAME = "$(TARGET_NAME)";
				SUPPORTED_PLATFORMS = "iphoneos iphonesimulator";
				SUPPORTS_MACCATALYST = NO;
				SUPPORTS_MAC_DESIGNED_FOR_IPHONE_IPAD = NO;
				SWIFT_EMIT_LOC_STRINGS = YES;
				SWIFT_VERSION = 5.0;
				TARGETED_DEVICE_FAMILY = 1;
			};
			name = Debug;
		};
		ED2600832BB58AAF0098D495 /* Release */ = {
			isa = XCBuildConfiguration;
			buildSettings = {
				ASSETCATALOG_COMPILER_APPICON_NAME = AppIcon;
				ASSETCATALOG_COMPILER_GLOBAL_ACCENT_COLOR_NAME = AccentColor;
				CODE_SIGN_STYLE = Automatic;
				CURRENT_PROJECT_VERSION = 1;
				DEVELOPMENT_TEAM = B4D33S9Y62;
				GENERATE_INFOPLIST_FILE = YES;
				INFOPLIST_FILE = Services/Applications/Info.plist;
				INFOPLIST_KEY_UIApplicationSupportsIndirectInputEvents = YES;
				INFOPLIST_KEY_UILaunchStoryboardName = LaunchScreen;
				INFOPLIST_KEY_UISupportedInterfaceOrientations = UIInterfaceOrientationPortrait;
				INFOPLIST_KEY_UISupportedInterfaceOrientations_iPad = "UIInterfaceOrientationLandscapeLeft UIInterfaceOrientationLandscapeRight UIInterfaceOrientationPortrait UIInterfaceOrientationPortraitUpsideDown";
				IPHONEOS_DEPLOYMENT_TARGET = 16.0;
				LD_RUNPATH_SEARCH_PATHS = (
					"$(inherited)",
					"@executable_path/Frameworks",
				);
				MARKETING_VERSION = 1.0;
				PRODUCT_BUNDLE_IDENTIFIER = openYourMind.Services;
				PRODUCT_NAME = "$(TARGET_NAME)";
				SUPPORTED_PLATFORMS = "iphoneos iphonesimulator";
				SUPPORTS_MACCATALYST = NO;
				SUPPORTS_MAC_DESIGNED_FOR_IPHONE_IPAD = NO;
				SWIFT_EMIT_LOC_STRINGS = YES;
				SWIFT_VERSION = 5.0;
				TARGETED_DEVICE_FAMILY = 1;
			};
			name = Release;
		};
/* End XCBuildConfiguration section */

/* Begin XCConfigurationList section */
		ED2600682BB58AAB0098D495 /* Build configuration list for PBXProject "Services" */ = {
			isa = XCConfigurationList;
			buildConfigurations = (
				ED26007F2BB58AAF0098D495 /* Debug */,
				ED2600802BB58AAF0098D495 /* Release */,
			);
			defaultConfigurationIsVisible = 0;
			defaultConfigurationName = Release;
		};
		ED2600812BB58AAF0098D495 /* Build configuration list for PBXNativeTarget "Services" */ = {
			isa = XCConfigurationList;
			buildConfigurations = (
				ED2600822BB58AAF0098D495 /* Debug */,
				ED2600832BB58AAF0098D495 /* Release */,
			);
			defaultConfigurationIsVisible = 0;
			defaultConfigurationName = Release;
		};
/* End XCConfigurationList section */
	};
	rootObject = ED2600652BB58AAB0098D495 /* Project object */;
}
